// !$*UTF8*$!
{
	archiveVersion = 1;
	classes = {
	};
	objectVersion = 46;
	objects = {

/* Begin PBXBuildFile section */
		7B45E9A11AFAFB4000CA9101 /* CompanyModel.m in Sources */ = {isa = PBXBuildFile; fileRef = 7B45E9A01AFAFB4000CA9101 /* CompanyModel.m */; };
		7B50E4801AF851C7005E0F34 /* main.m in Sources */ = {isa = PBXBuildFile; fileRef = 7B50E47F1AF851C7005E0F34 /* main.m */; };
		7B50E4831AF851C7005E0F34 /* AppDelegate.m in Sources */ = {isa = PBXBuildFile; fileRef = 7B50E4821AF851C7005E0F34 /* AppDelegate.m */; };
		7B50E4891AF851C7005E0F34 /* Main.storyboard in Resources */ = {isa = PBXBuildFile; fileRef = 7B50E4871AF851C7005E0F34 /* Main.storyboard */; };
		7B50E48B1AF851C7005E0F34 /* Images.xcassets in Resources */ = {isa = PBXBuildFile; fileRef = 7B50E48A1AF851C7005E0F34 /* Images.xcassets */; };
		7B50E48E1AF851C7005E0F34 /* LaunchScreen.xib in Resources */ = {isa = PBXBuildFile; fileRef = 7B50E48C1AF851C7005E0F34 /* LaunchScreen.xib */; };
		7B50E49A1AF851C7005E0F34 /* BestOfferTests.m in Sources */ = {isa = PBXBuildFile; fileRef = 7B50E4991AF851C7005E0F34 /* BestOfferTests.m */; };
		7B6ED2D81AFC507E00A04417 /* ProductModel.m in Sources */ = {isa = PBXBuildFile; fileRef = 7B6ED2D71AFC507E00A04417 /* ProductModel.m */; };
		7BF219F61BB629620068640F /* GenericViewController.m in Sources */ = {isa = PBXBuildFile; fileRef = 7BF219F51BB629620068640F /* GenericViewController.m */; settings = {ASSET_TAGS = (); }; };
		7BF219F91BB629D40068640F /* ProductListViewController.m in Sources */ = {isa = PBXBuildFile; fileRef = 7BF219F81BB629D30068640F /* ProductListViewController.m */; settings = {ASSET_TAGS = (); }; };
		7BF219FC1BB62A3E0068640F /* MarketListViewController.m in Sources */ = {isa = PBXBuildFile; fileRef = 7BF219FB1BB62A3D0068640F /* MarketListViewController.m */; settings = {ASSET_TAGS = (); }; };
/* End PBXBuildFile section */

/* Begin PBXContainerItemProxy section */
		7B50E4941AF851C7005E0F34 /* PBXContainerItemProxy */ = {
			isa = PBXContainerItemProxy;
			containerPortal = 7B50E4721AF851C7005E0F34 /* Project object */;
			proxyType = 1;
			remoteGlobalIDString = 7B50E4791AF851C7005E0F34;
			remoteInfo = BestOffer;
		};
/* End PBXContainerItemProxy section */

/* Begin PBXFileReference section */
		7B45E99F1AFAFB4000CA9101 /* CompanyModel.h */ = {isa = PBXFileReference; fileEncoding = 4; lastKnownFileType = sourcecode.c.h; name = CompanyModel.h; path = Model/CompanyModel.h; sourceTree = "<group>"; };
		7B45E9A01AFAFB4000CA9101 /* CompanyModel.m */ = {isa = PBXFileReference; fileEncoding = 4; lastKnownFileType = sourcecode.c.objc; name = CompanyModel.m; path = Model/CompanyModel.m; sourceTree = "<group>"; };
		7B50E47A1AF851C7005E0F34 /* BestOffer.app */ = {isa = PBXFileReference; explicitFileType = wrapper.application; includeInIndex = 0; path = BestOffer.app; sourceTree = BUILT_PRODUCTS_DIR; };
		7B50E47E1AF851C7005E0F34 /* Info.plist */ = {isa = PBXFileReference; lastKnownFileType = text.plist.xml; path = Info.plist; sourceTree = "<group>"; };
		7B50E47F1AF851C7005E0F34 /* main.m */ = {isa = PBXFileReference; lastKnownFileType = sourcecode.c.objc; path = main.m; sourceTree = "<group>"; };
		7B50E4811AF851C7005E0F34 /* AppDelegate.h */ = {isa = PBXFileReference; lastKnownFileType = sourcecode.c.h; path = AppDelegate.h; sourceTree = "<group>"; };
		7B50E4821AF851C7005E0F34 /* AppDelegate.m */ = {isa = PBXFileReference; lastKnownFileType = sourcecode.c.objc; path = AppDelegate.m; sourceTree = "<group>"; };
		7B50E4881AF851C7005E0F34 /* Base */ = {isa = PBXFileReference; lastKnownFileType = file.storyboard; name = Base; path = Base.lproj/Main.storyboard; sourceTree = "<group>"; };
		7B50E48A1AF851C7005E0F34 /* Images.xcassets */ = {isa = PBXFileReference; lastKnownFileType = folder.assetcatalog; path = Images.xcassets; sourceTree = "<group>"; };
		7B50E48D1AF851C7005E0F34 /* Base */ = {isa = PBXFileReference; lastKnownFileType = file.xib; name = Base; path = Base.lproj/LaunchScreen.xib; sourceTree = "<group>"; };
		7B50E4931AF851C7005E0F34 /* BestOfferTests.xctest */ = {isa = PBXFileReference; explicitFileType = wrapper.cfbundle; includeInIndex = 0; path = BestOfferTests.xctest; sourceTree = BUILT_PRODUCTS_DIR; };
		7B50E4981AF851C7005E0F34 /* Info.plist */ = {isa = PBXFileReference; lastKnownFileType = text.plist.xml; path = Info.plist; sourceTree = "<group>"; };
		7B50E4991AF851C7005E0F34 /* BestOfferTests.m */ = {isa = PBXFileReference; lastKnownFileType = sourcecode.c.objc; path = BestOfferTests.m; sourceTree = "<group>"; };
		7B6ED2D61AFC507E00A04417 /* ProductModel.h */ = {isa = PBXFileReference; fileEncoding = 4; lastKnownFileType = sourcecode.c.h; name = ProductModel.h; path = Model/ProductModel.h; sourceTree = "<group>"; };
		7B6ED2D71AFC507E00A04417 /* ProductModel.m */ = {isa = PBXFileReference; fileEncoding = 4; lastKnownFileType = sourcecode.c.objc; name = ProductModel.m; path = Model/ProductModel.m; sourceTree = "<group>"; };
		7BF219F41BB629620068640F /* GenericViewController.h */ = {isa = PBXFileReference; fileEncoding = 4; lastKnownFileType = sourcecode.c.h; name = GenericViewController.h; path = Controller/GenericViewController.h; sourceTree = "<group>"; };
		7BF219F51BB629620068640F /* GenericViewController.m */ = {isa = PBXFileReference; fileEncoding = 4; lastKnownFileType = sourcecode.c.objc; name = GenericViewController.m; path = Controller/GenericViewController.m; sourceTree = "<group>"; };
		7BF219F71BB629D30068640F /* ProductListViewController.h */ = {isa = PBXFileReference; fileEncoding = 4; lastKnownFileType = sourcecode.c.h; name = ProductListViewController.h; path = Controller/ProductListViewController.h; sourceTree = "<group>"; };
		7BF219F81BB629D30068640F /* ProductListViewController.m */ = {isa = PBXFileReference; fileEncoding = 4; lastKnownFileType = sourcecode.c.objc; name = ProductListViewController.m; path = Controller/ProductListViewController.m; sourceTree = "<group>"; };
		7BF219FA1BB62A3D0068640F /* MarketListViewController.h */ = {isa = PBXFileReference; fileEncoding = 4; lastKnownFileType = sourcecode.c.h; name = MarketListViewController.h; path = Controller/MarketListViewController.h; sourceTree = "<group>"; };
		7BF219FB1BB62A3D0068640F /* MarketListViewController.m */ = {isa = PBXFileReference; fileEncoding = 4; lastKnownFileType = sourcecode.c.objc; name = MarketListViewController.m; path = Controller/MarketListViewController.m; sourceTree = "<group>"; };
/* End PBXFileReference section */

/* Begin PBXFrameworksBuildPhase section */
		7B50E4771AF851C7005E0F34 /* Frameworks */ = {
			isa = PBXFrameworksBuildPhase;
			buildActionMask = 2147483647;
			files = (
			);
			runOnlyForDeploymentPostprocessing = 0;
		};
		7B50E4901AF851C7005E0F34 /* Frameworks */ = {
			isa = PBXFrameworksBuildPhase;
			buildActionMask = 2147483647;
			files = (
			);
			runOnlyForDeploymentPostprocessing = 0;
		};
/* End PBXFrameworksBuildPhase section */

/* Begin PBXGroup section */
		7B45E99A1AFAFAC400CA9101 /* Controller */ = {
			isa = PBXGroup;
			children = (
				7BF219F41BB629620068640F /* GenericViewController.h */,
				7BF219F51BB629620068640F /* GenericViewController.m */,
				7BF219FA1BB62A3D0068640F /* MarketListViewController.h */,
				7BF219FB1BB62A3D0068640F /* MarketListViewController.m */,
				7BF219F71BB629D30068640F /* ProductListViewController.h */,
				7BF219F81BB629D30068640F /* ProductListViewController.m */,
			);
			name = Controller;
			sourceTree = "<group>";
		};
		7B45E99C1AFAFADD00CA9101 /* AppDelegate */ = {
			isa = PBXGroup;
			children = (
				7B50E4811AF851C7005E0F34 /* AppDelegate.h */,
				7B50E4821AF851C7005E0F34 /* AppDelegate.m */,
			);
			name = AppDelegate;
			sourceTree = "<group>";
		};
		7B45E99D1AFAFAEC00CA9101 /* Storyboard */ = {
			isa = PBXGroup;
			children = (
				7B50E4871AF851C7005E0F34 /* Main.storyboard */,
			);
			name = Storyboard;
			sourceTree = "<group>";
		};
		7B45E99E1AFAFB1500CA9101 /* Model */ = {
			isa = PBXGroup;
			children = (
				7B45E99F1AFAFB4000CA9101 /* CompanyModel.h */,
				7B45E9A01AFAFB4000CA9101 /* CompanyModel.m */,
				7B6ED2D61AFC507E00A04417 /* ProductModel.h */,
				7B6ED2D71AFC507E00A04417 /* ProductModel.m */,
			);
			name = Model;
			sourceTree = "<group>";
		};
		7B50E4711AF851C7005E0F34 = {
			isa = PBXGroup;
			children = (
				7B50E47C1AF851C7005E0F34 /* BestOffer */,
				7B50E4961AF851C7005E0F34 /* BestOfferTests */,
				7B50E47B1AF851C7005E0F34 /* Products */,
			);
			sourceTree = "<group>";
		};
		7B50E47B1AF851C7005E0F34 /* Products */ = {
			isa = PBXGroup;
			children = (
				7B50E47A1AF851C7005E0F34 /* BestOffer.app */,
				7B50E4931AF851C7005E0F34 /* BestOfferTests.xctest */,
			);
			name = Products;
			sourceTree = "<group>";
		};
		7B50E47C1AF851C7005E0F34 /* BestOffer */ = {
			isa = PBXGroup;
			children = (
				7B45E99E1AFAFB1500CA9101 /* Model */,
				7B45E99C1AFAFADD00CA9101 /* AppDelegate */,
				7B50E48A1AF851C7005E0F34 /* Images.xcassets */,
				7B50E48C1AF851C7005E0F34 /* LaunchScreen.xib */,
				7B45E99D1AFAFAEC00CA9101 /* Storyboard */,
				7B50E47D1AF851C7005E0F34 /* Supporting Files */,
				7B45E99A1AFAFAC400CA9101 /* Controller */,
			);
			path = BestOffer;
			sourceTree = "<group>";
		};
		7B50E47D1AF851C7005E0F34 /* Supporting Files */ = {
			isa = PBXGroup;
			children = (
				7B50E47E1AF851C7005E0F34 /* Info.plist */,
				7B50E47F1AF851C7005E0F34 /* main.m */,
			);
			name = "Supporting Files";
			sourceTree = "<group>";
		};
		7B50E4961AF851C7005E0F34 /* BestOfferTests */ = {
			isa = PBXGroup;
			children = (
				7B50E4991AF851C7005E0F34 /* BestOfferTests.m */,
				7B50E4971AF851C7005E0F34 /* Supporting Files */,
			);
			path = BestOfferTests;
			sourceTree = "<group>";
		};
		7B50E4971AF851C7005E0F34 /* Supporting Files */ = {
			isa = PBXGroup;
			children = (
				7B50E4981AF851C7005E0F34 /* Info.plist */,
			);
			name = "Supporting Files";
			sourceTree = "<group>";
		};
/* End PBXGroup section */

/* Begin PBXNativeTarget section */
		7B50E4791AF851C7005E0F34 /* BestOffer */ = {
			isa = PBXNativeTarget;
			buildConfigurationList = 7B50E49D1AF851C7005E0F34 /* Build configuration list for PBXNativeTarget "BestOffer" */;
			buildPhases = (
				7B50E4761AF851C7005E0F34 /* Sources */,
				7B50E4771AF851C7005E0F34 /* Frameworks */,
				7B50E4781AF851C7005E0F34 /* Resources */,
			);
			buildRules = (
			);
			dependencies = (
			);
			name = BestOffer;
			productName = BestOffer;
			productReference = 7B50E47A1AF851C7005E0F34 /* BestOffer.app */;
			productType = "com.apple.product-type.application";
		};
		7B50E4921AF851C7005E0F34 /* BestOfferTests */ = {
			isa = PBXNativeTarget;
			buildConfigurationList = 7B50E4A01AF851C7005E0F34 /* Build configuration list for PBXNativeTarget "BestOfferTests" */;
			buildPhases = (
				7B50E48F1AF851C7005E0F34 /* Sources */,
				7B50E4901AF851C7005E0F34 /* Frameworks */,
				7B50E4911AF851C7005E0F34 /* Resources */,
			);
			buildRules = (
			);
			dependencies = (
				7B50E4951AF851C7005E0F34 /* PBXTargetDependency */,
			);
			name = BestOfferTests;
			productName = BestOfferTests;
			productReference = 7B50E4931AF851C7005E0F34 /* BestOfferTests.xctest */;
			productType = "com.apple.product-type.bundle.unit-test";
		};
/* End PBXNativeTarget section */

/* Begin PBXProject section */
		7B50E4721AF851C7005E0F34 /* Project object */ = {
			isa = PBXProject;
			attributes = {
				LastUpgradeCheck = 0630;
				ORGANIZATIONNAME = "Jhonathan Wyterlin";
				TargetAttributes = {
					7B50E4791AF851C7005E0F34 = {
						CreatedOnToolsVersion = 6.3.1;
					};
					7B50E4921AF851C7005E0F34 = {
						CreatedOnToolsVersion = 6.3.1;
						TestTargetID = 7B50E4791AF851C7005E0F34;
					};
				};
			};
			buildConfigurationList = 7B50E4751AF851C7005E0F34 /* Build configuration list for PBXProject "BestOffer" */;
			compatibilityVersion = "Xcode 3.2";
			developmentRegion = English;
			hasScannedForEncodings = 0;
			knownRegions = (
				en,
				Base,
			);
			mainGroup = 7B50E4711AF851C7005E0F34;
			productRefGroup = 7B50E47B1AF851C7005E0F34 /* Products */;
			projectDirPath = "";
			projectRoot = "";
			targets = (
				7B50E4791AF851C7005E0F34 /* BestOffer */,
				7B50E4921AF851C7005E0F34 /* BestOfferTests */,
			);
		};
/* End PBXProject section */

/* Begin PBXResourcesBuildPhase section */
		7B50E4781AF851C7005E0F34 /* Resources */ = {
			isa = PBXResourcesBuildPhase;
			buildActionMask = 2147483647;
			files = (
				7B50E4891AF851C7005E0F34 /* Main.storyboard in Resources */,
				7B50E48E1AF851C7005E0F34 /* LaunchScreen.xib in Resources */,
				7B50E48B1AF851C7005E0F34 /* Images.xcassets in Resources */,
			);
			runOnlyForDeploymentPostprocessing = 0;
		};
		7B50E4911AF851C7005E0F34 /* Resources */ = {
			isa = PBXResourcesBuildPhase;
			buildActionMask = 2147483647;
			files = (
			);
			runOnlyForDeploymentPostprocessing = 0;
		};
/* End PBXResourcesBuildPhase section */

/* Begin PBXSourcesBuildPhase section */
		7B50E4761AF851C7005E0F34 /* Sources */ = {
			isa = PBXSourcesBuildPhase;
			buildActionMask = 2147483647;
			files = (
				7B45E9A11AFAFB4000CA9101 /* CompanyModel.m in Sources */,
				7BF219F61BB629620068640F /* GenericViewController.m in Sources */,
				7B6ED2D81AFC507E00A04417 /* ProductModel.m in Sources */,
				7BF219FC1BB62A3E0068640F /* MarketListViewController.m in Sources */,
				7B50E4831AF851C7005E0F34 /* AppDelegate.m in Sources */,
				7BF219F91BB629D40068640F /* ProductListViewController.m in Sources */,
				7B50E4801AF851C7005E0F34 /* main.m in Sources */,
			);
			runOnlyForDeploymentPostprocessing = 0;
		};
		7B50E48F1AF851C7005E0F34 /* Sources */ = {
			isa = PBXSourcesBuildPhase;
			buildActionMask = 2147483647;
			files = (
				7B50E49A1AF851C7005E0F34 /* BestOfferTests.m in Sources */,
			);
			runOnlyForDeploymentPostprocessing = 0;
		};
/* End PBXSourcesBuildPhase section */

/* Begin PBXTargetDependency section */
		7B50E4951AF851C7005E0F34 /* PBXTargetDependency */ = {
			isa = PBXTargetDependency;
			target = 7B50E4791AF851C7005E0F34 /* BestOffer */;
			targetProxy = 7B50E4941AF851C7005E0F34 /* PBXContainerItemProxy */;
		};
/* End PBXTargetDependency section */

/* Begin PBXVariantGroup section */
		7B50E4871AF851C7005E0F34 /* Main.storyboard */ = {
			isa = PBXVariantGroup;
			children = (
				7B50E4881AF851C7005E0F34 /* Base */,
			);
			name = Main.storyboard;
			sourceTree = "<group>";
		};
		7B50E48C1AF851C7005E0F34 /* LaunchScreen.xib */ = {
			isa = PBXVariantGroup;
			children = (
				7B50E48D1AF851C7005E0F34 /* Base */,
			);
			name = LaunchScreen.xib;
			sourceTree = "<group>";
		};
/* End PBXVariantGroup section */

/* Begin XCBuildConfiguration section */
		7B50E49B1AF851C7005E0F34 /* Debug */ = {
			isa = XCBuildConfiguration;
			buildSettings = {
				ALWAYS_SEARCH_USER_PATHS = NO;
				CLANG_CXX_LANGUAGE_STANDARD = "gnu++0x";
				CLANG_CXX_LIBRARY = "libc++";
				CLANG_ENABLE_MODULES = YES;
				CLANG_ENABLE_OBJC_ARC = YES;
				CLANG_WARN_BOOL_CONVERSION = YES;
				CLANG_WARN_CONSTANT_CONVERSION = YES;
				CLANG_WARN_DIRECT_OBJC_ISA_USAGE = YES_ERROR;
				CLANG_WARN_EMPTY_BODY = YES;
				CLANG_WARN_ENUM_CONVERSION = YES;
				CLANG_WARN_INT_CONVERSION = YES;
				CLANG_WARN_OBJC_ROOT_CLASS = YES_ERROR;
				CLANG_WARN_UNREACHABLE_CODE = YES;
				CLANG_WARN__DUPLICATE_METHOD_MATCH = YES;
				"CODE_SIGN_IDENTITY[sdk=iphoneos*]" = "iPhone Developer";
				COPY_PHASE_STRIP = NO;
				DEBUG_INFORMATION_FORMAT = "dwarf-with-dsym";
				ENABLE_STRICT_OBJC_MSGSEND = YES;
				GCC_C_LANGUAGE_STANDARD = gnu99;
				GCC_DYNAMIC_NO_PIC = NO;
				GCC_NO_COMMON_BLOCKS = YES;
				GCC_OPTIMIZATION_LEVEL = 0;
				GCC_PREPROCESSOR_DEFINITIONS = (
					"DEBUG=1",
					"$(inherited)",
				);
				GCC_SYMBOLS_PRIVATE_EXTERN = NO;
				GCC_WARN_64_TO_32_BIT_CONVERSION = YES;
				GCC_WARN_ABOUT_RETURN_TYPE = YES_ERROR;
				GCC_WARN_UNDECLARED_SELECTOR = YES;
				GCC_WARN_UNINITIALIZED_AUTOS = YES_AGGRESSIVE;
				GCC_WARN_UNUSED_FUNCTION = YES;
				GCC_WARN_UNUSED_VARIABLE = YES;
				IPHONEOS_DEPLOYMENT_TARGET = 8.3;
				MTL_ENABLE_DEBUG_INFO = YES;
				ONLY_ACTIVE_ARCH = YES;
				SDKROOT = iphoneos;
				TARGETED_DEVICE_FAMILY = "1,2";
			};
			name = Debug;
		};
		7B50E49C1AF851C7005E0F34 /* Release */ = {
			isa = XCBuildConfiguration;
			buildSettings = {
				ALWAYS_SEARCH_USER_PATHS = NO;
				CLANG_CXX_LANGUAGE_STANDARD = "gnu++0x";
				CLANG_CXX_LIBRARY = "libc++";
				CLANG_ENABLE_MODULES = YES;
				CLANG_ENABLE_OBJC_ARC = YES;
				CLANG_WARN_BOOL_CONVERSION = YES;
				CLANG_WARN_CONSTANT_CONVERSION = YES;
				CLANG_WARN_DIRECT_OBJC_ISA_USAGE = YES_ERROR;
				CLANG_WARN_EMPTY_BODY = YES;
				CLANG_WARN_ENUM_CONVERSION = YES;
				CLANG_WARN_INT_CONVERSION = YES;
				CLANG_WARN_OBJC_ROOT_CLASS = YES_ERROR;
				CLANG_WARN_UNREACHABLE_CODE = YES;
				CLANG_WARN__DUPLICATE_METHOD_MATCH = YES;
				"CODE_SIGN_IDENTITY[sdk=iphoneos*]" = "iPhone Developer";
				COPY_PHASE_STRIP = NO;
				DEBUG_INFORMATION_FORMAT = "dwarf-with-dsym";
				ENABLE_NS_ASSERTIONS = NO;
				ENABLE_STRICT_OBJC_MSGSEND = YES;
				GCC_C_LANGUAGE_STANDARD = gnu99;
				GCC_NO_COMMON_BLOCKS = YES;
				GCC_WARN_64_TO_32_BIT_CONVERSION = YES;
				GCC_WARN_ABOUT_RETURN_TYPE = YES_ERROR;
				GCC_WARN_UNDECLARED_SELECTOR = YES;
				GCC_WARN_UNINITIALIZED_AUTOS = YES_AGGRESSIVE;
				GCC_WARN_UNUSED_FUNCTION = YES;
				GCC_WARN_UNUSED_VARIABLE = YES;
				IPHONEOS_DEPLOYMENT_TARGET = 8.3;
				MTL_ENABLE_DEBUG_INFO = NO;
				SDKROOT = iphoneos;
				TARGETED_DEVICE_FAMILY = "1,2";
				VALIDATE_PRODUCT = YES;
			};
			name = Release;
		};
		7B50E49E1AF851C7005E0F34 /* Debug */ = {
			isa = XCBuildConfiguration;
			buildSettings = {
				ASSETCATALOG_COMPILER_APPICON_NAME = AppIcon;
				INFOPLIST_FILE = BestOffer/Info.plist;
				LD_RUNPATH_SEARCH_PATHS = "$(inherited) @executable_path/Frameworks";
				PRODUCT_NAME = "$(TARGET_NAME)";
			};
			name = Debug;
		};
		7B50E49F1AF851C7005E0F34 /* Release */ = {
			isa = XCBuildConfiguration;
			buildSettings = {
				ASSETCATALOG_COMPILER_APPICON_NAME = AppIcon;
				INFOPLIST_FILE = BestOffer/Info.plist;
				LD_RUNPATH_SEARCH_PATHS = "$(inherited) @executable_path/Frameworks";
				PRODUCT_NAME = "$(TARGET_NAME)";
			};
			name = Release;
		};
		7B50E4A11AF851C7005E0F34 /* Debug */ = {
			isa = XCBuildConfiguration;
			buildSettings = {
				BUNDLE_LOADER = "$(TEST_HOST)";
				FRAMEWORK_SEARCH_PATHS = (
					"$(SDKROOT)/Developer/Library/Frameworks",
					"$(inherited)",
				);
				GCC_PREPROCESSOR_DEFINITIONS = (
					"DEBUG=1",
					"$(inherited)",
				);
				INFOPLIST_FILE = BestOfferTests/Info.plist;
				LD_RUNPATH_SEARCH_PATHS = "$(inherited) @executable_path/Frameworks @loader_path/Frameworks";
				PRODUCT_NAME = "$(TARGET_NAME)";
				TEST_HOST = "$(BUILT_PRODUCTS_DIR)/BestOffer.app/BestOffer";
			};
			name = Debug;
		};
		7B50E4A21AF851C7005E0F34 /* Release */ = {
			isa = XCBuildConfiguration;
			buildSettings = {
				BUNDLE_LOADER = "$(TEST_HOST)";
				FRAMEWORK_SEARCH_PATHS = (
					"$(SDKROOT)/Developer/Library/Frameworks",
					"$(inherited)",
				);
				INFOPLIST_FILE = BestOfferTests/Info.plist;
				LD_RUNPATH_SEARCH_PATHS = "$(inherited) @executable_path/Frameworks @loader_path/Frameworks";
				PRODUCT_NAME = "$(TARGET_NAME)";
				TEST_HOST = "$(BUILT_PRODUCTS_DIR)/BestOffer.app/BestOffer";
			};
			name = Release;
		};
/* End XCBuildConfiguration section */

/* Begin XCConfigurationList section */
		7B50E4751AF851C7005E0F34 /* Build configuration list for PBXProject "BestOffer" */ = {
			isa = XCConfigurationList;
			buildConfigurations = (
				7B50E49B1AF851C7005E0F34 /* Debug */,
				7B50E49C1AF851C7005E0F34 /* Release */,
			);
			defaultConfigurationIsVisible = 0;
			defaultConfigurationName = Release;
		};
		7B50E49D1AF851C7005E0F34 /* Build configuration list for PBXNativeTarget "BestOffer" */ = {
			isa = XCConfigurationList;
			buildConfigurations = (
				7B50E49E1AF851C7005E0F34 /* Debug */,
				7B50E49F1AF851C7005E0F34 /* Release */,
			);
			defaultConfigurationIsVisible = 0;
			defaultConfigurationName = Release;
		};
		7B50E4A01AF851C7005E0F34 /* Build configuration list for PBXNativeTarget "BestOfferTests" */ = {
			isa = XCConfigurationList;
			buildConfigurations = (
				7B50E4A11AF851C7005E0F34 /* Debug */,
				7B50E4A21AF851C7005E0F34 /* Release */,
			);
			defaultConfigurationIsVisible = 0;
			defaultConfigurationName = Release;
		};
/* End XCConfigurationList section */
	};
	rootObject = 7B50E4721AF851C7005E0F34 /* Project object */;
}
